
Microsoft Visual Studio Solution File, Format Version 12.00
Project("{FAE04EC0-301F-11D3-BF4B-00C04F79EFBC}") = "DotnetTemplate", "Source\DotnetTemplate.csproj", "{22DE6032-0A5D-4B58-999E-260691C62BD6}"
EndProject
Project("{FAE04EC0-301F-11D3-BF4B-00C04F79EFBC}") = "Tests", "Tests\Tests.csproj", "{1A495AF4-25E7-449E-96EC-1CD7E7F6AC84}"
EndProject
Project("{FAE04EC0-301F-11D3-BF4B-00C04F79EFBC}") = "Benchmarks", "Benchmarks\Benchmarks.csproj", "{08B26254-04E0-4CF4-AFFE-33D2ED8AA00F}"
EndProject
Global
	GlobalSection(SolutionConfigurationPlatforms) = preSolution
		Debug|Any CPU = Debug|Any CPU
		Release|Any CPU = Release|Any CPU
	EndGlobalSection
	GlobalSection(ProjectConfigurationPlatforms) = postSolution
		{22DE6032-0A5D-4B58-999E-260691C62BD6}.Debug|Any CPU.ActiveCfg = Debug|Any CPU
		{22DE6032-0A5D-4B58-999E-260691C62BD6}.Debug|Any CPU.Build.0 = Debug|Any CPU
		{22DE6032-0A5D-4B58-999E-260691C62BD6}.Release|Any CPU.ActiveCfg = Release|Any CPU
		{22DE6032-0A5D-4B58-999E-260691C62BD6}.Release|Any CPU.Build.0 = Release|Any CPU
		{1A495AF4-25E7-449E-96EC-1CD7E7F6AC84}.Debug|Any CPU.ActiveCfg = Debug|Any CPU
		{1A495AF4-25E7-449E-96EC-1CD7E7F6AC84}.Debug|Any CPU.Build.0 = Debug|Any CPU
		{1A495AF4-25E7-449E-96EC-1CD7E7F6AC84}.Release|Any CPU.ActiveCfg = Release|Any CPU
		{1A495AF4-25E7-449E-96EC-1CD7E7F6AC84}.Release|Any CPU.Build.0 = Release|Any CPU
		{08B26254-04E0-4CF4-AFFE-33D2ED8AA00F}.Release|Any CPU.ActiveCfg = Release|Any CPU
		{08B26254-04E0-4CF4-AFFE-33D2ED8AA00F}.Release|Any CPU.Build.0 = Release|Any CPU
		{08B26254-04E0-4CF4-AFFE-33D2ED8AA00F}.Debug|Any CPU.ActiveCfg = Release|Any CPU
		{08B26254-04E0-4CF4-AFFE-33D2ED8AA00F}.Debug|Any CPU.Build.0 = Release|Any CPU
	EndGlobalSection
EndGlobal
